
Microsoft Visual Studio Solution File, Format Version 12.00
Project("{FAE04EC0-301F-11D3-BF4B-00C04F79EFBC}") = "ConsoleApp1", "ConsoleApp1\ConsoleApp1.csproj", "{CBFE5662-98E7-4115-901A-94E05395BFE0}"
EndProject
Global
	GlobalSection(SolutionConfigurationPlatforms) = preSolution
		Debug|Any CPU = Debug|Any CPU
		Release|Any CPU = Release|Any CPU
	EndGlobalSection
	GlobalSection(ProjectConfigurationPlatforms) = postSolution
		{CBFE5662-98E7-4115-901A-94E05395BFE0}.Debug|Any CPU.ActiveCfg = Debug|Any CPU
		{CBFE5662-98E7-4115-901A-94E05395BFE0}.Debug|Any CPU.Build.0 = Debug|Any CPU
		{CBFE5662-98E7-4115-901A-94E05395BFE0}.Release|Any CPU.ActiveCfg = Release|Any CPU
		{CBFE5662-98E7-4115-901A-94E05395BFE0}.Release|Any CPU.Build.0 = Release|Any CPU
	EndGlobalSection
EndGlobal
